// !$*UTF8*$!
{
	archiveVersion = 1;
	classes = {
	};
	objectVersion = 56;
	objects = {

/* Begin PBXBuildFile section */
		8E09F0982A93CDEC00FABA57 /* MarkaziText-VariableFont_wght.ttf in Resources */ = {isa = PBXBuildFile; fileRef = 8E09F0972A93CDEC00FABA57 /* MarkaziText-VariableFont_wght.ttf */; };
		8E2908DD2A9A00DF00F288B2 /* ExampleDatabase.xcdatamodeld in Sources */ = {isa = PBXBuildFile; fileRef = 8E2908DB2A9A00DF00F288B2 /* ExampleDatabase.xcdatamodeld */; };
		8E4A96C22A887D710005F944 /* OnboardingApp.swift in Sources */ = {isa = PBXBuildFile; fileRef = 8E4A96C12A887D710005F944 /* OnboardingApp.swift */; };
		8E4A96C62A887D740005F944 /* Assets.xcassets in Resources */ = {isa = PBXBuildFile; fileRef = 8E4A96C52A887D740005F944 /* Assets.xcassets */; };
		8E4A96C92A887D740005F944 /* Preview Assets.xcassets in Resources */ = {isa = PBXBuildFile; fileRef = 8E4A96C82A887D740005F944 /* Preview Assets.xcassets */; };
		8E4A96D42A887FB50005F944 /* Onboarding.swift in Sources */ = {isa = PBXBuildFile; fileRef = 8E4A96D32A887FB50005F944 /* Onboarding.swift */; };
		8E4A96D62A8888620005F944 /* Home.swift in Sources */ = {isa = PBXBuildFile; fileRef = 8E4A96D52A8888620005F944 /* Home.swift */; };
		8E4A96D82A8889230005F944 /* Menu.swift in Sources */ = {isa = PBXBuildFile; fileRef = 8E4A96D72A8889230005F944 /* Menu.swift */; };
		8E4A96DA2A89384E0005F944 /* UserProfile.swift in Sources */ = {isa = PBXBuildFile; fileRef = 8E4A96D92A89384E0005F944 /* UserProfile.swift */; };
		8E4A96DC2A894D290005F944 /* MenuList.swift in Sources */ = {isa = PBXBuildFile; fileRef = 8E4A96DB2A894D290005F944 /* MenuList.swift */; };
		8E4A96DE2A894D620005F944 /* MenuItem.swift in Sources */ = {isa = PBXBuildFile; fileRef = 8E4A96DD2A894D620005F944 /* MenuItem.swift */; };
		8E4A96E82A8958FE0005F944 /* FetchedObjects.swift in Sources */ = {isa = PBXBuildFile; fileRef = 8E4A96E62A8958FE0005F944 /* FetchedObjects.swift */; };
		8E4A96E92A8958FE0005F944 /* Persistence.swift in Sources */ = {isa = PBXBuildFile; fileRef = 8E4A96E72A8958FE0005F944 /* Persistence.swift */; };
		8EE4DB9A2A951C4000DA022F /* Karla-VariableFont_wght.ttf in Resources */ = {isa = PBXBuildFile; fileRef = 8EE4DB992A951C4000DA022F /* Karla-VariableFont_wght.ttf */; };
		8EF77DEF2A9A383E002AAFBD /* DetailItem.swift in Sources */ = {isa = PBXBuildFile; fileRef = 8EF77DEE2A9A383E002AAFBD /* DetailItem.swift */; };
		8EF77DF12A9A3AA8002AAFBD /* Styles.swift in Sources */ = {isa = PBXBuildFile; fileRef = 8EF77DF02A9A3AA8002AAFBD /* Styles.swift */; };
		8EFD4AB72A99DE6000BE4921 /* MenuCategory.swift in Sources */ = {isa = PBXBuildFile; fileRef = 8EFD4AB62A99DE6000BE4921 /* MenuCategory.swift */; };
		8EFD4AB92A99DF9500BE4921 /* CategoryList.swift in Sources */ = {isa = PBXBuildFile; fileRef = 8EFD4AB82A99DF9500BE4921 /* CategoryList.swift */; };
/* End PBXBuildFile section */

/* Begin PBXFileReference section */
		8E09F0972A93CDEC00FABA57 /* MarkaziText-VariableFont_wght.ttf */ = {isa = PBXFileReference; lastKnownFileType = file; path = "MarkaziText-VariableFont_wght.ttf"; sourceTree = "<group>"; };
		8E2908DC2A9A00DF00F288B2 /* ExampleDatabase.xcdatamodel */ = {isa = PBXFileReference; lastKnownFileType = wrapper.xcdatamodel; path = ExampleDatabase.xcdatamodel; sourceTree = "<group>"; };
		8E4A96BE2A887D710005F944 /* Onboarding.app */ = {isa = PBXFileReference; explicitFileType = wrapper.application; includeInIndex = 0; path = Onboarding.app; sourceTree = BUILT_PRODUCTS_DIR; };
		8E4A96C12A887D710005F944 /* OnboardingApp.swift */ = {isa = PBXFileReference; lastKnownFileType = sourcecode.swift; path = OnboardingApp.swift; sourceTree = "<group>"; };
		8E4A96C52A887D740005F944 /* Assets.xcassets */ = {isa = PBXFileReference; lastKnownFileType = folder.assetcatalog; path = Assets.xcassets; sourceTree = "<group>"; };
		8E4A96C82A887D740005F944 /* Preview Assets.xcassets */ = {isa = PBXFileReference; lastKnownFileType = folder.assetcatalog; path = "Preview Assets.xcassets"; sourceTree = "<group>"; };
		8E4A96D32A887FB50005F944 /* Onboarding.swift */ = {isa = PBXFileReference; lastKnownFileType = sourcecode.swift; path = Onboarding.swift; sourceTree = "<group>"; };
		8E4A96D52A8888620005F944 /* Home.swift */ = {isa = PBXFileReference; lastKnownFileType = sourcecode.swift; path = Home.swift; sourceTree = "<group>"; };
		8E4A96D72A8889230005F944 /* Menu.swift */ = {isa = PBXFileReference; lastKnownFileType = sourcecode.swift; path = Menu.swift; sourceTree = "<group>"; };
		8E4A96D92A89384E0005F944 /* UserProfile.swift */ = {isa = PBXFileReference; lastKnownFileType = sourcecode.swift; path = UserProfile.swift; sourceTree = "<group>"; };
		8E4A96DB2A894D290005F944 /* MenuList.swift */ = {isa = PBXFileReference; lastKnownFileType = sourcecode.swift; path = MenuList.swift; sourceTree = "<group>"; };
		8E4A96DD2A894D620005F944 /* MenuItem.swift */ = {isa = PBXFileReference; lastKnownFileType = sourcecode.swift; path = MenuItem.swift; sourceTree = "<group>"; };
		8E4A96E62A8958FE0005F944 /* FetchedObjects.swift */ = {isa = PBXFileReference; fileEncoding = 4; lastKnownFileType = sourcecode.swift; path = FetchedObjects.swift; sourceTree = "<group>"; };
		8E4A96E72A8958FE0005F944 /* Persistence.swift */ = {isa = PBXFileReference; fileEncoding = 4; lastKnownFileType = sourcecode.swift; path = Persistence.swift; sourceTree = "<group>"; };
		8EE4DB982A951B5200DA022F /* Info.plist */ = {isa = PBXFileReference; lastKnownFileType = text.plist; path = Info.plist; sourceTree = "<group>"; };
		8EE4DB992A951C4000DA022F /* Karla-VariableFont_wght.ttf */ = {isa = PBXFileReference; lastKnownFileType = file; path = "Karla-VariableFont_wght.ttf"; sourceTree = "<group>"; };
		8EF77DEE2A9A383E002AAFBD /* DetailItem.swift */ = {isa = PBXFileReference; lastKnownFileType = sourcecode.swift; path = DetailItem.swift; sourceTree = "<group>"; };
		8EF77DF02A9A3AA8002AAFBD /* Styles.swift */ = {isa = PBXFileReference; lastKnownFileType = sourcecode.swift; path = Styles.swift; sourceTree = "<group>"; };
		8EFD4AB62A99DE6000BE4921 /* MenuCategory.swift */ = {isa = PBXFileReference; lastKnownFileType = sourcecode.swift; path = MenuCategory.swift; sourceTree = "<group>"; };
		8EFD4AB82A99DF9500BE4921 /* CategoryList.swift */ = {isa = PBXFileReference; lastKnownFileType = sourcecode.swift; path = CategoryList.swift; sourceTree = "<group>"; };
/* End PBXFileReference section */

/* Begin PBXFrameworksBuildPhase section */
		8E4A96BB2A887D710005F944 /* Frameworks */ = {
			isa = PBXFrameworksBuildPhase;
			buildActionMask = 2147483647;
			files = (
			);
			runOnlyForDeploymentPostprocessing = 0;
		};
/* End PBXFrameworksBuildPhase section */

/* Begin PBXGroup section */
		8E4A96B52A887D710005F944 = {
			isa = PBXGroup;
			children = (
				8E4A96C02A887D710005F944 /* Onboarding */,
				8E4A96BF2A887D710005F944 /* Products */,
			);
			sourceTree = "<group>";
		};
		8E4A96BF2A887D710005F944 /* Products */ = {
			isa = PBXGroup;
			children = (
				8E4A96BE2A887D710005F944 /* Onboarding.app */,
			);
			name = Products;
			sourceTree = "<group>";
		};
		8E4A96C02A887D710005F944 /* Onboarding */ = {
			isa = PBXGroup;
			children = (
				8E4A96C12A887D710005F944 /* OnboardingApp.swift */,
				8E6070E12A966CB1001662A4 /* Models */,
				8E6070E22A966CF8001662A4 /* Views */,
				8E6070E32A966D41001662A4 /* ViewModels */,
				8E6070E42A966D7A001662A4 /* Coredata */,
				8E6070E02A9654A8001662A4 /* Styles */,
				8EE4DB982A951B5200DA022F /* Info.plist */,
				8E4A96C52A887D740005F944 /* Assets.xcassets */,
				8E4A96C72A887D740005F944 /* Preview Content */,
			);
			path = Onboarding;
			sourceTree = "<group>";
		};
		8E4A96C72A887D740005F944 /* Preview Content */ = {
			isa = PBXGroup;
			children = (
				8E4A96C82A887D740005F944 /* Preview Assets.xcassets */,
			);
			path = "Preview Content";
			sourceTree = "<group>";
		};
		8E6070E02A9654A8001662A4 /* Styles */ = {
			isa = PBXGroup;
			children = (
				8EF77DF02A9A3AA8002AAFBD /* Styles.swift */,
				8E09F0972A93CDEC00FABA57 /* MarkaziText-VariableFont_wght.ttf */,
				8EE4DB992A951C4000DA022F /* Karla-VariableFont_wght.ttf */,
			);
			path = Styles;
			sourceTree = "<group>";
		};
		8E6070E12A966CB1001662A4 /* Models */ = {
			isa = PBXGroup;
			children = (
				8E4A96DD2A894D620005F944 /* MenuItem.swift */,
				8E4A96DB2A894D290005F944 /* MenuList.swift */,
				8EFD4AB62A99DE6000BE4921 /* MenuCategory.swift */,
			);
			path = Models;
			sourceTree = "<group>";
		};
		8E6070E22A966CF8001662A4 /* Views */ = {
			isa = PBXGroup;
			children = (
				8E4A96D32A887FB50005F944 /* Onboarding.swift */,
				8E4A96D72A8889230005F944 /* Menu.swift */,
				8E4A96D52A8888620005F944 /* Home.swift */,
				8E4A96D92A89384E0005F944 /* UserProfile.swift */,
				8EF77DEE2A9A383E002AAFBD /* DetailItem.swift */,
				8EFD4AB82A99DF9500BE4921 /* CategoryList.swift */,
			);
			path = Views;
			sourceTree = "<group>";
		};
		8E6070E32A966D41001662A4 /* ViewModels */ = {
			isa = PBXGroup;
			children = (
			);
			path = ViewModels;
			sourceTree = "<group>";
		};
		8E6070E42A966D7A001662A4 /* Coredata */ = {
			isa = PBXGroup;
			children = (
				8E2908DB2A9A00DF00F288B2 /* ExampleDatabase.xcdatamodeld */,
				8E4A96E62A8958FE0005F944 /* FetchedObjects.swift */,
				8E4A96E72A8958FE0005F944 /* Persistence.swift */,
			);
			path = Coredata;
			sourceTree = "<group>";
		};
/* End PBXGroup section */

/* Begin PBXNativeTarget section */
		8E4A96BD2A887D710005F944 /* Onboarding */ = {
			isa = PBXNativeTarget;
			buildConfigurationList = 8E4A96CC2A887D740005F944 /* Build configuration list for PBXNativeTarget "Onboarding" */;
			buildPhases = (
				8E4A96BA2A887D710005F944 /* Sources */,
				8E4A96BB2A887D710005F944 /* Frameworks */,
				8E4A96BC2A887D710005F944 /* Resources */,
			);
			buildRules = (
			);
			dependencies = (
			);
			name = Onboarding;
			productName = Onboarding;
			productReference = 8E4A96BE2A887D710005F944 /* Onboarding.app */;
			productType = "com.apple.product-type.application";
		};
/* End PBXNativeTarget section */

/* Begin PBXProject section */
		8E4A96B62A887D710005F944 /* Project object */ = {
			isa = PBXProject;
			attributes = {
				BuildIndependentTargetsInParallel = 1;
				LastSwiftUpdateCheck = 1430;
				LastUpgradeCheck = 1430;
				TargetAttributes = {
					8E4A96BD2A887D710005F944 = {
						CreatedOnToolsVersion = 14.3;
					};
				};
			};
			buildConfigurationList = 8E4A96B92A887D710005F944 /* Build configuration list for PBXProject "Onboarding" */;
			compatibilityVersion = "Xcode 14.0";
			developmentRegion = en;
			hasScannedForEncodings = 0;
			knownRegions = (
				en,
				Base,
			);
			mainGroup = 8E4A96B52A887D710005F944;
			productRefGroup = 8E4A96BF2A887D710005F944 /* Products */;
			projectDirPath = "";
			projectRoot = "";
			targets = (
				8E4A96BD2A887D710005F944 /* Onboarding */,
			);
		};
/* End PBXProject section */

/* Begin PBXResourcesBuildPhase section */
		8E4A96BC2A887D710005F944 /* Resources */ = {
			isa = PBXResourcesBuildPhase;
			buildActionMask = 2147483647;
			files = (
				8E09F0982A93CDEC00FABA57 /* MarkaziText-VariableFont_wght.ttf in Resources */,
				8EE4DB9A2A951C4000DA022F /* Karla-VariableFont_wght.ttf in Resources */,
				8E4A96C92A887D740005F944 /* Preview Assets.xcassets in Resources */,
				8E4A96C62A887D740005F944 /* Assets.xcassets in Resources */,
			);
			runOnlyForDeploymentPostprocessing = 0;
		};
/* End PBXResourcesBuildPhase section */

/* Begin PBXSourcesBuildPhase section */
		8E4A96BA2A887D710005F944 /* Sources */ = {
			isa = PBXSourcesBuildPhase;
			buildActionMask = 2147483647;
			files = (
				8E4A96DE2A894D620005F944 /* MenuItem.swift in Sources */,
				8EF77DF12A9A3AA8002AAFBD /* Styles.swift in Sources */,
				8EF77DEF2A9A383E002AAFBD /* DetailItem.swift in Sources */,
				8E4A96D42A887FB50005F944 /* Onboarding.swift in Sources */,
				8E4A96D62A8888620005F944 /* Home.swift in Sources */,
				8E4A96DA2A89384E0005F944 /* UserProfile.swift in Sources */,
				8E4A96D82A8889230005F944 /* Menu.swift in Sources */,
				8E4A96DC2A894D290005F944 /* MenuList.swift in Sources */,
				8E4A96C22A887D710005F944 /* OnboardingApp.swift in Sources */,
				8EFD4AB72A99DE6000BE4921 /* MenuCategory.swift in Sources */,
				8E4A96E82A8958FE0005F944 /* FetchedObjects.swift in Sources */,
				8E2908DD2A9A00DF00F288B2 /* ExampleDatabase.xcdatamodeld in Sources */,
				8E4A96E92A8958FE0005F944 /* Persistence.swift in Sources */,
				8EFD4AB92A99DF9500BE4921 /* CategoryList.swift in Sources */,
			);
			runOnlyForDeploymentPostprocessing = 0;
		};
/* End PBXSourcesBuildPhase section */

/* Begin XCBuildConfiguration section */
		8E4A96CA2A887D740005F944 /* Debug */ = {
			isa = XCBuildConfiguration;
			buildSettings = {
				ALWAYS_SEARCH_USER_PATHS = NO;
				CLANG_ANALYZER_NONNULL = YES;
				CLANG_ANALYZER_NUMBER_OBJECT_CONVERSION = YES_AGGRESSIVE;
				CLANG_CXX_LANGUAGE_STANDARD = "gnu++20";
				CLANG_ENABLE_MODULES = YES;
				CLANG_ENABLE_OBJC_ARC = YES;
				CLANG_ENABLE_OBJC_WEAK = YES;
				CLANG_WARN_BLOCK_CAPTURE_AUTORELEASING = YES;
				CLANG_WARN_BOOL_CONVERSION = YES;
				CLANG_WARN_COMMA = YES;
				CLANG_WARN_CONSTANT_CONVERSION = YES;
				CLANG_WARN_DEPRECATED_OBJC_IMPLEMENTATIONS = YES;
				CLANG_WARN_DIRECT_OBJC_ISA_USAGE = YES_ERROR;
				CLANG_WARN_DOCUMENTATION_COMMENTS = YES;
				CLANG_WARN_EMPTY_BODY = YES;
				CLANG_WARN_ENUM_CONVERSION = YES;
				CLANG_WARN_INFINITE_RECURSION = YES;
				CLANG_WARN_INT_CONVERSION = YES;
				CLANG_WARN_NON_LITERAL_NULL_CONVERSION = YES;
				CLANG_WARN_OBJC_IMPLICIT_RETAIN_SELF = YES;
				CLANG_WARN_OBJC_LITERAL_CONVERSION = YES;
				CLANG_WARN_OBJC_ROOT_CLASS = YES_ERROR;
				CLANG_WARN_QUOTED_INCLUDE_IN_FRAMEWORK_HEADER = YES;
				CLANG_WARN_RANGE_LOOP_ANALYSIS = YES;
				CLANG_WARN_STRICT_PROTOTYPES = YES;
				CLANG_WARN_SUSPICIOUS_MOVE = YES;
				CLANG_WARN_UNGUARDED_AVAILABILITY = YES_AGGRESSIVE;
				CLANG_WARN_UNREACHABLE_CODE = YES;
				CLANG_WARN__DUPLICATE_METHOD_MATCH = YES;
				COPY_PHASE_STRIP = NO;
				DEBUG_INFORMATION_FORMAT = dwarf;
				ENABLE_STRICT_OBJC_MSGSEND = YES;
				ENABLE_TESTABILITY = YES;
				GCC_C_LANGUAGE_STANDARD = gnu11;
				GCC_DYNAMIC_NO_PIC = NO;
				GCC_NO_COMMON_BLOCKS = YES;
				GCC_OPTIMIZATION_LEVEL = 0;
				GCC_PREPROCESSOR_DEFINITIONS = (
					"DEBUG=1",
					"$(inherited)",
				);
				GCC_WARN_64_TO_32_BIT_CONVERSION = YES;
				GCC_WARN_ABOUT_RETURN_TYPE = YES_ERROR;
				GCC_WARN_UNDECLARED_SELECTOR = YES;
				GCC_WARN_UNINITIALIZED_AUTOS = YES_AGGRESSIVE;
				GCC_WARN_UNUSED_FUNCTION = YES;
				GCC_WARN_UNUSED_VARIABLE = YES;
				IPHONEOS_DEPLOYMENT_TARGET = 16.4;
				MTL_ENABLE_DEBUG_INFO = INCLUDE_SOURCE;
				MTL_FAST_MATH = YES;
				ONLY_ACTIVE_ARCH = YES;
				SDKROOT = iphoneos;
				SWIFT_ACTIVE_COMPILATION_CONDITIONS = DEBUG;
				SWIFT_OPTIMIZATION_LEVEL = "-Onone";
			};
			name = Debug;
		};
		8E4A96CB2A887D740005F944 /* Release */ = {
			isa = XCBuildConfiguration;
			buildSettings = {
				ALWAYS_SEARCH_USER_PATHS = NO;
				CLANG_ANALYZER_NONNULL = YES;
				CLANG_ANALYZER_NUMBER_OBJECT_CONVERSION = YES_AGGRESSIVE;
				CLANG_CXX_LANGUAGE_STANDARD = "gnu++20";
				CLANG_ENABLE_MODULES = YES;
				CLANG_ENABLE_OBJC_ARC = YES;
				CLANG_ENABLE_OBJC_WEAK = YES;
				CLANG_WARN_BLOCK_CAPTURE_AUTORELEASING = YES;
				CLANG_WARN_BOOL_CONVERSION = YES;
				CLANG_WARN_COMMA = YES;
				CLANG_WARN_CONSTANT_CONVERSION = YES;
				CLANG_WARN_DEPRECATED_OBJC_IMPLEMENTATIONS = YES;
				CLANG_WARN_DIRECT_OBJC_ISA_USAGE = YES_ERROR;
				CLANG_WARN_DOCUMENTATION_COMMENTS = YES;
				CLANG_WARN_EMPTY_BODY = YES;
				CLANG_WARN_ENUM_CONVERSION = YES;
				CLANG_WARN_INFINITE_RECURSION = YES;
				CLANG_WARN_INT_CONVERSION = YES;
				CLANG_WARN_NON_LITERAL_NULL_CONVERSION = YES;
				CLANG_WARN_OBJC_IMPLICIT_RETAIN_SELF = YES;
				CLANG_WARN_OBJC_LITERAL_CONVERSION = YES;
				CLANG_WARN_OBJC_ROOT_CLASS = YES_ERROR;
				CLANG_WARN_QUOTED_INCLUDE_IN_FRAMEWORK_HEADER = YES;
				CLANG_WARN_RANGE_LOOP_ANALYSIS = YES;
				CLANG_WARN_STRICT_PROTOTYPES = YES;
				CLANG_WARN_SUSPICIOUS_MOVE = YES;
				CLANG_WARN_UNGUARDED_AVAILABILITY = YES_AGGRESSIVE;
				CLANG_WARN_UNREACHABLE_CODE = YES;
				CLANG_WARN__DUPLICATE_METHOD_MATCH = YES;
				COPY_PHASE_STRIP = NO;
				DEBUG_INFORMATION_FORMAT = "dwarf-with-dsym";
				ENABLE_NS_ASSERTIONS = NO;
				ENABLE_STRICT_OBJC_MSGSEND = YES;
				GCC_C_LANGUAGE_STANDARD = gnu11;
				GCC_NO_COMMON_BLOCKS = YES;
				GCC_WARN_64_TO_32_BIT_CONVERSION = YES;
				GCC_WARN_ABOUT_RETURN_TYPE = YES_ERROR;
				GCC_WARN_UNDECLARED_SELECTOR = YES;
				GCC_WARN_UNINITIALIZED_AUTOS = YES_AGGRESSIVE;
				GCC_WARN_UNUSED_FUNCTION = YES;
				GCC_WARN_UNUSED_VARIABLE = YES;
				IPHONEOS_DEPLOYMENT_TARGET = 16.4;
				MTL_ENABLE_DEBUG_INFO = NO;
				MTL_FAST_MATH = YES;
				SDKROOT = iphoneos;
				SWIFT_COMPILATION_MODE = wholemodule;
				SWIFT_OPTIMIZATION_LEVEL = "-O";
				VALIDATE_PRODUCT = YES;
			};
			name = Release;
		};
		8E4A96CD2A887D740005F944 /* Debug */ = {
			isa = XCBuildConfiguration;
			buildSettings = {
				ASSETCATALOG_COMPILER_APPICON_NAME = AppIcon;
				ASSETCATALOG_COMPILER_GLOBAL_ACCENT_COLOR_NAME = AccentColor;
				CODE_SIGN_STYLE = Automatic;
				CURRENT_PROJECT_VERSION = 1;
				DEVELOPMENT_ASSET_PATHS = "\"Onboarding/Preview Content\"";
				DEVELOPMENT_TEAM = 3F2Z838S3A;
				ENABLE_PREVIEWS = YES;
				GENERATE_INFOPLIST_FILE = YES;
				INFOPLIST_FILE = Onboarding/Info.plist;
				INFOPLIST_KEY_UIApplicationSceneManifest_Generation = YES;
				INFOPLIST_KEY_UIApplicationSupportsIndirectInputEvents = YES;
				INFOPLIST_KEY_UILaunchScreen_Generation = YES;
				INFOPLIST_KEY_UISupportedInterfaceOrientations_iPad = "UIInterfaceOrientationPortrait UIInterfaceOrientationPortraitUpsideDown UIInterfaceOrientationLandscapeLeft UIInterfaceOrientationLandscapeRight";
				INFOPLIST_KEY_UISupportedInterfaceOrientations_iPhone = "UIInterfaceOrientationPortrait UIInterfaceOrientationLandscapeLeft UIInterfaceOrientationLandscapeRight";
				LD_RUNPATH_SEARCH_PATHS = (
					"$(inherited)",
					"@executable_path/Frameworks",
				);
				MARKETING_VERSION = 1.0;
				PRODUCT_BUNDLE_IDENTIFIER = mobileapp.Onboarding;
				PRODUCT_NAME = "$(TARGET_NAME)";
				SWIFT_EMIT_LOC_STRINGS = YES;
				SWIFT_VERSION = 5.0;
				TARGETED_DEVICE_FAMILY = "1,2";
			};
			name = Debug;
		};
		8E4A96CE2A887D740005F944 /* Release */ = {
			isa = XCBuildConfiguration;
			buildSettings = {
				ASSETCATALOG_COMPILER_APPICON_NAME = AppIcon;
				ASSETCATALOG_COMPILER_GLOBAL_ACCENT_COLOR_NAME = AccentColor;
				CODE_SIGN_STYLE = Automatic;
				CURRENT_PROJECT_VERSION = 1;
				DEVELOPMENT_ASSET_PATHS = "\"Onboarding/Preview Content\"";
				DEVELOPMENT_TEAM = 3F2Z838S3A;
				ENABLE_PREVIEWS = YES;
				GENERATE_INFOPLIST_FILE = YES;
				INFOPLIST_FILE = Onboarding/Info.plist;
				INFOPLIST_KEY_UIApplicationSceneManifest_Generation = YES;
				INFOPLIST_KEY_UIApplicationSupportsIndirectInputEvents = YES;
				INFOPLIST_KEY_UILaunchScreen_Generation = YES;
				INFOPLIST_KEY_UISupportedInterfaceOrientations_iPad = "UIInterfaceOrientationPortrait UIInterfaceOrientationPortraitUpsideDown UIInterfaceOrientationLandscapeLeft UIInterfaceOrientationLandscapeRight";
				INFOPLIST_KEY_UISupportedInterfaceOrientations_iPhone = "UIInterfaceOrientationPortrait UIInterfaceOrientationLandscapeLeft UIInterfaceOrientationLandscapeRight";
				LD_RUNPATH_SEARCH_PATHS = (
					"$(inherited)",
					"@executable_path/Frameworks",
				);
				MARKETING_VERSION = 1.0;
				PRODUCT_BUNDLE_IDENTIFIER = mobileapp.Onboarding;
				PRODUCT_NAME = "$(TARGET_NAME)";
				SWIFT_EMIT_LOC_STRINGS = YES;
				SWIFT_VERSION = 5.0;
				TARGETED_DEVICE_FAMILY = "1,2";
			};
			name = Release;
		};
/* End XCBuildConfiguration section */

/* Begin XCConfigurationList section */
		8E4A96B92A887D710005F944 /* Build configuration list for PBXProject "Onboarding" */ = {
			isa = XCConfigurationList;
			buildConfigurations = (
				8E4A96CA2A887D740005F944 /* Debug */,
				8E4A96CB2A887D740005F944 /* Release */,
			);
			defaultConfigurationIsVisible = 0;
			defaultConfigurationName = Release;
		};
		8E4A96CC2A887D740005F944 /* Build configuration list for PBXNativeTarget "Onboarding" */ = {
			isa = XCConfigurationList;
			buildConfigurations = (
				8E4A96CD2A887D740005F944 /* Debug */,
				8E4A96CE2A887D740005F944 /* Release */,
			);
			defaultConfigurationIsVisible = 0;
			defaultConfigurationName = Release;
		};
/* End XCConfigurationList section */

/* Begin XCVersionGroup section */
		8E2908DB2A9A00DF00F288B2 /* ExampleDatabase.xcdatamodeld */ = {
			isa = XCVersionGroup;
			children = (
				8E2908DC2A9A00DF00F288B2 /* ExampleDatabase.xcdatamodel */,
			);
			currentVersion = 8E2908DC2A9A00DF00F288B2 /* ExampleDatabase.xcdatamodel */;
			path = ExampleDatabase.xcdatamodeld;
			sourceTree = "<group>";
			versionGroupType = wrapper.xcdatamodel;
		};
/* End XCVersionGroup section */
	};
	rootObject = 8E4A96B62A887D710005F944 /* Project object */;
}
